
Microsoft Visual Studio Solution File, Format Version 12.00
# Visual Studio Version 17
VisualStudioVersion = 17.8.34309.116
MinimumVisualStudioVersion = 10.0.40219.1
Project("{FAE04EC0-301F-11D3-BF4B-00C04F79EFBC}") = "Monolith.Api", "Monolith.Api\Monolith.Api.csproj", "{B642214F-7488-4103-956C-3197E93EBB0D}"
EndProject
Project("{FAE04EC0-301F-11D3-BF4B-00C04F79EFBC}") = "Monolith.ArchitectureTests", "Monolith.ArchitectureTests\Monolith.ArchitectureTests.csproj", "{1E57D65B-7475-41C6-9716-B031E1963824}"
EndProject
Global
	GlobalSection(SolutionConfigurationPlatforms) = preSolution
		Debug|Any CPU = Debug|Any CPU
		Release|Any CPU = Release|Any CPU
	EndGlobalSection
	GlobalSection(ProjectConfigurationPlatforms) = postSolution
		{B642214F-7488-4103-956C-3197E93EBB0D}.Debug|Any CPU.ActiveCfg = Debug|Any CPU
		{B642214F-7488-4103-956C-3197E93EBB0D}.Debug|Any CPU.Build.0 = Debug|Any CPU
		{B642214F-7488-4103-956C-3197E93EBB0D}.Release|Any CPU.ActiveCfg = Release|Any CPU
		{B642214F-7488-4103-956C-3197E93EBB0D}.Release|Any CPU.Build.0 = Release|Any CPU
		{1E57D65B-7475-41C6-9716-B031E1963824}.Debug|Any CPU.ActiveCfg = Debug|Any CPU
		{1E57D65B-7475-41C6-9716-B031E1963824}.Debug|Any CPU.Build.0 = Debug|Any CPU
		{1E57D65B-7475-41C6-9716-B031E1963824}.Release|Any CPU.ActiveCfg = Release|Any CPU
		{1E57D65B-7475-41C6-9716-B031E1963824}.Release|Any CPU.Build.0 = Release|Any CPU
	EndGlobalSection
	GlobalSection(SolutionProperties) = preSolution
		HideSolutionNode = FALSE
	EndGlobalSection
	GlobalSection(ExtensibilityGlobals) = postSolution
		SolutionGuid = {6380F1B3-CACC-491E-BA93-2132DFE0CC31}
	EndGlobalSection
EndGlobal
